
Microsoft Visual Studio Solution File, Format Version 12.00
# Visual Studio Version 16
VisualStudioVersion = 16.0.31025.194
MinimumVisualStudioVersion = 10.0.40219.1
Project("{FAE04EC0-301F-11D3-BF4B-00C04F79EFBC}") = "Elections", "Elections\Elections.csproj", "{F0517B86-0E09-4A4B-AEEB-59286569A6EA}"
EndProject
Global
	GlobalSection(SolutionConfigurationPlatforms) = preSolution
		Debug|Any CPU = Debug|Any CPU
		Release|Any CPU = Release|Any CPU
	EndGlobalSection
	GlobalSection(ProjectConfigurationPlatforms) = postSolution
		{F0517B86-0E09-4A4B-AEEB-59286569A6EA}.Debug|Any CPU.ActiveCfg = Debug|Any CPU
		{F0517B86-0E09-4A4B-AEEB-59286569A6EA}.Debug|Any CPU.Build.0 = Debug|Any CPU
		{F0517B86-0E09-4A4B-AEEB-59286569A6EA}.Release|Any CPU.ActiveCfg = Release|Any CPU
		{F0517B86-0E09-4A4B-AEEB-59286569A6EA}.Release|Any CPU.Build.0 = Release|Any CPU
	EndGlobalSection
	GlobalSection(SolutionProperties) = preSolution
		HideSolutionNode = FALSE
	EndGlobalSection
	GlobalSection(ExtensibilityGlobals) = postSolution
		SolutionGuid = {85FFB2ED-CC3C-4C45-B05D-22FDD9142391}
	EndGlobalSection
EndGlobal
